
Microsoft Visual Studio Solution File, Format Version 12.00
# Visual Studio Version 16
VisualStudioVersion = 16.0.29709.97
MinimumVisualStudioVersion = 10.0.40219.1
Project("{FAE04EC0-301F-11D3-BF4B-00C04F79EFBC}") = "CRUD Image", "CRUD Image.csproj", "{4A924502-D82E-45CA-A7AA-A67D39910A1C}"
EndProject
Global
	GlobalSection(SolutionConfigurationPlatforms) = preSolution
		Debug|Any CPU = Debug|Any CPU
		Release|Any CPU = Release|Any CPU
	EndGlobalSection
	GlobalSection(ProjectConfigurationPlatforms) = postSolution
		{4A924502-D82E-45CA-A7AA-A67D39910A1C}.Debug|Any CPU.ActiveCfg = Debug|Any CPU
		{4A924502-D82E-45CA-A7AA-A67D39910A1C}.Debug|Any CPU.Build.0 = Debug|Any CPU
		{4A924502-D82E-45CA-A7AA-A67D39910A1C}.Release|Any CPU.ActiveCfg = Release|Any CPU
		{4A924502-D82E-45CA-A7AA-A67D39910A1C}.Release|Any CPU.Build.0 = Release|Any CPU
	EndGlobalSection
	GlobalSection(SolutionProperties) = preSolution
		HideSolutionNode = FALSE
	EndGlobalSection
	GlobalSection(ExtensibilityGlobals) = postSolution
		SolutionGuid = {950E4231-0AA4-42CA-9D98-FBBA29249440}
	EndGlobalSection
EndGlobal
